
Microsoft Visual Studio Solution File, Format Version 12.00
# Visual Studio Version 16
VisualStudioVersion = 16.0.31313.79
MinimumVisualStudioVersion = 10.0.40219.1
Project("{2150E333-8FDC-42A3-9474-1A3956D46DE8}") = "Entidades", "Entidades", "{DEB6C6DC-EEE5-447A-9C14-B5FB7AED7B64}"
EndProject
Project("{2150E333-8FDC-42A3-9474-1A3956D46DE8}") = "AccesoDatos", "AccesoDatos", "{EC22D8ED-8AB5-45C2-92CC-963E28CEF15B}"
EndProject
Project("{FAE04EC0-301F-11D3-BF4B-00C04F79EFBC}") = "EntidadesInventory", "EntidadesInventory\EntidadesInventory.csproj", "{A3C4A847-8EA9-4778-BF08-D54BAEADDE9F}"
EndProject
Project("{FAE04EC0-301F-11D3-BF4B-00C04F79EFBC}") = "AccesoDatosInventory", "AccesoDatosInventory\AccesoDatosInventory.csproj", "{077A1574-097D-41CD-B33B-56AFE7155A5F}"
EndProject
Project("{2150E333-8FDC-42A3-9474-1A3956D46DE8}") = "Servicios", "Servicios", "{DEA2D851-CF48-4FE8-8F2C-E65C57C5C458}"
EndProject
Project("{FAE04EC0-301F-11D3-BF4B-00C04F79EFBC}") = "ServiceInventory", "ServiceInventory\ServiceInventory.csproj", "{551FB2FE-C91E-4E2B-A7E7-185873FF40C2}"
EndProject
Project("{2150E333-8FDC-42A3-9474-1A3956D46DE8}") = "Presentacion", "Presentacion", "{A2880153-FD7F-48EB-A787-B57FB6586D32}"
EndProject
Project("{FAE04EC0-301F-11D3-BF4B-00C04F79EFBC}") = "PresentacionInventory", "PresentacionInventory\PresentacionInventory.csproj", "{56A33B74-BCB3-4893-BE74-CD253E56A0BB}"
EndProject
Global
	GlobalSection(SolutionConfigurationPlatforms) = preSolution
		Debug|Any CPU = Debug|Any CPU
		Release|Any CPU = Release|Any CPU
	EndGlobalSection
	GlobalSection(ProjectConfigurationPlatforms) = postSolution
		{A3C4A847-8EA9-4778-BF08-D54BAEADDE9F}.Debug|Any CPU.ActiveCfg = Debug|Any CPU
		{A3C4A847-8EA9-4778-BF08-D54BAEADDE9F}.Debug|Any CPU.Build.0 = Debug|Any CPU
		{A3C4A847-8EA9-4778-BF08-D54BAEADDE9F}.Release|Any CPU.ActiveCfg = Release|Any CPU
		{A3C4A847-8EA9-4778-BF08-D54BAEADDE9F}.Release|Any CPU.Build.0 = Release|Any CPU
		{077A1574-097D-41CD-B33B-56AFE7155A5F}.Debug|Any CPU.ActiveCfg = Debug|Any CPU
		{077A1574-097D-41CD-B33B-56AFE7155A5F}.Debug|Any CPU.Build.0 = Debug|Any CPU
		{077A1574-097D-41CD-B33B-56AFE7155A5F}.Release|Any CPU.ActiveCfg = Release|Any CPU
		{077A1574-097D-41CD-B33B-56AFE7155A5F}.Release|Any CPU.Build.0 = Release|Any CPU
		{551FB2FE-C91E-4E2B-A7E7-185873FF40C2}.Debug|Any CPU.ActiveCfg = Debug|Any CPU
		{551FB2FE-C91E-4E2B-A7E7-185873FF40C2}.Debug|Any CPU.Build.0 = Debug|Any CPU
		{551FB2FE-C91E-4E2B-A7E7-185873FF40C2}.Release|Any CPU.ActiveCfg = Release|Any CPU
		{551FB2FE-C91E-4E2B-A7E7-185873FF40C2}.Release|Any CPU.Build.0 = Release|Any CPU
		{56A33B74-BCB3-4893-BE74-CD253E56A0BB}.Debug|Any CPU.ActiveCfg = Debug|Any CPU
		{56A33B74-BCB3-4893-BE74-CD253E56A0BB}.Debug|Any CPU.Build.0 = Debug|Any CPU
		{56A33B74-BCB3-4893-BE74-CD253E56A0BB}.Release|Any CPU.ActiveCfg = Release|Any CPU
		{56A33B74-BCB3-4893-BE74-CD253E56A0BB}.Release|Any CPU.Build.0 = Release|Any CPU
	EndGlobalSection
	GlobalSection(SolutionProperties) = preSolution
		HideSolutionNode = FALSE
	EndGlobalSection
	GlobalSection(NestedProjects) = preSolution
		{A3C4A847-8EA9-4778-BF08-D54BAEADDE9F} = {DEB6C6DC-EEE5-447A-9C14-B5FB7AED7B64}
		{077A1574-097D-41CD-B33B-56AFE7155A5F} = {EC22D8ED-8AB5-45C2-92CC-963E28CEF15B}
		{551FB2FE-C91E-4E2B-A7E7-185873FF40C2} = {DEA2D851-CF48-4FE8-8F2C-E65C57C5C458}
		{56A33B74-BCB3-4893-BE74-CD253E56A0BB} = {A2880153-FD7F-48EB-A787-B57FB6586D32}
	EndGlobalSection
	GlobalSection(ExtensibilityGlobals) = postSolution
		SolutionGuid = {58397F08-C428-4551-AC86-5DF0C2BC4C9A}
	EndGlobalSection
EndGlobal
